
Microsoft Visual Studio Solution File, Format Version 12.00
# Visual Studio Version 16
VisualStudioVersion = 16.0.30611.23
MinimumVisualStudioVersion = 10.0.40219.1
Project("{9A19103F-16F7-4668-BE54-9A1E7A4F7556}") = "NeuroPY", "NeuroPY\NeuroPY.csproj", "{92586AE2-3E88-443C-BBCB-798411C26F23}"
EndProject
Global
	GlobalSection(SolutionConfigurationPlatforms) = preSolution
		Debug|Any CPU = Debug|Any CPU
		Release|Any CPU = Release|Any CPU
	EndGlobalSection
	GlobalSection(ProjectConfigurationPlatforms) = postSolution
		{92586AE2-3E88-443C-BBCB-798411C26F23}.Debug|Any CPU.ActiveCfg = Debug|Any CPU
		{92586AE2-3E88-443C-BBCB-798411C26F23}.Debug|Any CPU.Build.0 = Debug|Any CPU
		{92586AE2-3E88-443C-BBCB-798411C26F23}.Release|Any CPU.ActiveCfg = Release|Any CPU
		{92586AE2-3E88-443C-BBCB-798411C26F23}.Release|Any CPU.Build.0 = Release|Any CPU
	EndGlobalSection
	GlobalSection(SolutionProperties) = preSolution
		HideSolutionNode = FALSE
	EndGlobalSection
	GlobalSection(ExtensibilityGlobals) = postSolution
		SolutionGuid = {93BB993F-F5E7-4D47-8792-44E57776F191}
	EndGlobalSection
EndGlobal
